// !$*UTF8*$!
{
	archiveVersion = 1;
	classes = {
	};
	objectVersion = 77;
	objects = {

/* Begin PBXBuildFile section */
/* End PBXBuildFile section */

/* Begin PBXContainerItemProxy section */
		7AA047FE2E26216E00BAB0DC /* PBXContainerItemProxy */ = {
			isa = PBXContainerItemProxy;
			containerPortal = 7AA047E52E26216B00BAB0DC /* Project object */;
			proxyType = 1;
			remoteGlobalIDString = 7AA047EC2E26216B00BAB0DC;
			remoteInfo = SongSmashApp;
		};
		7AA048082E26216E00BAB0DC /* PBXContainerItemProxy */ = {
			isa = PBXContainerItemProxy;
			containerPortal = 7AA047E52E26216B00BAB0DC /* Project object */;
			proxyType = 1;
			remoteGlobalIDString = 7AA047EC2E26216B00BAB0DC;
			remoteInfo = SongSmashApp;
		};
/* End PBXContainerItemProxy section */

/* Begin PBXFileReference section */
		7AA047ED2E26216B00BAB0DC /* SongSmashApp.app */ = {isa = PBXFileReference; explicitFileType = wrapper.application; includeInIndex = 0; path = SongSmashApp.app; sourceTree = BUILT_PRODUCTS_DIR; };
		7AA047FD2E26216E00BAB0DC /* SongSmashAppTests.xctest */ = {isa = PBXFileReference; explicitFileType = wrapper.cfbundle; includeInIndex = 0; path = SongSmashAppTests.xctest; sourceTree = BUILT_PRODUCTS_DIR; };
		7AA048072E26216E00BAB0DC /* SongSmashAppUITests.xctest */ = {isa = PBXFileReference; explicitFileType = wrapper.cfbundle; includeInIndex = 0; path = SongSmashAppUITests.xctest; sourceTree = BUILT_PRODUCTS_DIR; };
/* End PBXFileReference section */

/* Begin PBXFileSystemSynchronizedBuildFileExceptionSet section */
		7AC2A01E2E2624970038C56F /* Exceptions for "SongSmashApp" folder in "SongSmashApp" target */ = {
			isa = PBXFileSystemSynchronizedBuildFileExceptionSet;
			membershipExceptions = (
				Info.plist,
			);
			target = 7AA047EC2E26216B00BAB0DC /* SongSmashApp */;
		};
/* End PBXFileSystemSynchronizedBuildFileExceptionSet section */

/* Begin PBXFileSystemSynchronizedRootGroup section */
		7AA047EF2E26216B00BAB0DC /* SongSmashApp */ = {
			isa = PBXFileSystemSynchronizedRootGroup;
			exceptions = (
				7AC2A01E2E2624970038C56F /* Exceptions for "SongSmashApp" folder in "SongSmashApp" target */,
			);
			path = SongSmashApp;
			sourceTree = "<group>";
		};
		7AA048002E26216E00BAB0DC /* SongSmashAppTests */ = {
			isa = PBXFileSystemSynchronizedRootGroup;
			path = SongSmashAppTests;
			sourceTree = "<group>";
		};
		7AA0480A2E26216E00BAB0DC /* SongSmashAppUITests */ = {
			isa = PBXFileSystemSynchronizedRootGroup;
			path = SongSmashAppUITests;
			sourceTree = "<group>";
		};
/* End PBXFileSystemSynchronizedRootGroup section */

/* Begin PBXFrameworksBuildPhase section */
		7AA047EA2E26216B00BAB0DC /* Frameworks */ = {
			isa = PBXFrameworksBuildPhase;
			buildActionMask = 2147483647;
			files = (
			);
			runOnlyForDeploymentPostprocessing = 0;
		};
		7AA047FA2E26216E00BAB0DC /* Frameworks */ = {
			isa = PBXFrameworksBuildPhase;
			buildActionMask = 2147483647;
			files = (
			);
			runOnlyForDeploymentPostprocessing = 0;
		};
		7AA048042E26216E00BAB0DC /* Frameworks */ = {
			isa = PBXFrameworksBuildPhase;
			buildActionMask = 2147483647;
			files = (
			);
			runOnlyForDeploymentPostprocessing = 0;
		};
/* End PBXFrameworksBuildPhase section */

/* Begin PBXGroup section */
		7AA047E42E26216B00BAB0DC = {
			isa = PBXGroup;
			children = (
				7AA047EF2E26216B00BAB0DC /* SongSmashApp */,
				7AA048002E26216E00BAB0DC /* SongSmashAppTests */,
				7AA0480A2E26216E00BAB0DC /* SongSmashAppUITests */,
				7AA047EE2E26216B00BAB0DC /* Products */,
			);
			sourceTree = "<group>";
		};
		7AA047EE2E26216B00BAB0DC /* Products */ = {
			isa = PBXGroup;
			children = (
				7AA047ED2E26216B00BAB0DC /* SongSmashApp.app */,
				7AA047FD2E26216E00BAB0DC /* SongSmashAppTests.xctest */,
				7AA048072E26216E00BAB0DC /* SongSmashAppUITests.xctest */,
			);
			name = Products;
			sourceTree = "<group>";
		};
/* End PBXGroup section */

/* Begin PBXNativeTarget section */
		7AA047EC2E26216B00BAB0DC /* SongSmashApp */ = {
			isa = PBXNativeTarget;
			buildConfigurationList = 7AA048112E26216E00BAB0DC /* Build configuration list for PBXNativeTarget "SongSmashApp" */;
			buildPhases = (
				7AA047E92E26216B00BAB0DC /* Sources */,
				7AA047EA2E26216B00BAB0DC /* Frameworks */,
				7AA047EB2E26216B00BAB0DC /* Resources */,
			);
			buildRules = (
			);
			dependencies = (
			);
			fileSystemSynchronizedGroups = (
				7AA047EF2E26216B00BAB0DC /* SongSmashApp */,
			);
			name = SongSmashApp;
			packageProductDependencies = (
			);
			productName = SongSmashApp;
			productReference = 7AA047ED2E26216B00BAB0DC /* SongSmashApp.app */;
			productType = "com.apple.product-type.application";
		};
		7AA047FC2E26216E00BAB0DC /* SongSmashAppTests */ = {
			isa = PBXNativeTarget;
			buildConfigurationList = 7AA048142E26216E00BAB0DC /* Build configuration list for PBXNativeTarget "SongSmashAppTests" */;
			buildPhases = (
				7AA047F92E26216E00BAB0DC /* Sources */,
				7AA047FA2E26216E00BAB0DC /* Frameworks */,
				7AA047FB2E26216E00BAB0DC /* Resources */,
			);
			buildRules = (
			);
			dependencies = (
				7AA047FF2E26216E00BAB0DC /* PBXTargetDependency */,
			);
			fileSystemSynchronizedGroups = (
				7AA048002E26216E00BAB0DC /* SongSmashAppTests */,
			);
			name = SongSmashAppTests;
			packageProductDependencies = (
			);
			productName = SongSmashAppTests;
			productReference = 7AA047FD2E26216E00BAB0DC /* SongSmashAppTests.xctest */;
			productType = "com.apple.product-type.bundle.unit-test";
		};
		7AA048062E26216E00BAB0DC /* SongSmashAppUITests */ = {
			isa = PBXNativeTarget;
			buildConfigurationList = 7AA048172E26216E00BAB0DC /* Build configuration list for PBXNativeTarget "SongSmashAppUITests" */;
			buildPhases = (
				7AA048032E26216E00BAB0DC /* Sources */,
				7AA048042E26216E00BAB0DC /* Frameworks */,
				7AA048052E26216E00BAB0DC /* Resources */,
			);
			buildRules = (
			);
			dependencies = (
				7AA048092E26216E00BAB0DC /* PBXTargetDependency */,
			);
			fileSystemSynchronizedGroups = (
				7AA0480A2E26216E00BAB0DC /* SongSmashAppUITests */,
			);
			name = SongSmashAppUITests;
			packageProductDependencies = (
			);
			productName = SongSmashAppUITests;
			productReference = 7AA048072E26216E00BAB0DC /* SongSmashAppUITests.xctest */;
			productType = "com.apple.product-type.bundle.ui-testing";
		};
/* End PBXNativeTarget section */

/* Begin PBXProject section */
		7AA047E52E26216B00BAB0DC /* Project object */ = {
			isa = PBXProject;
			attributes = {
				BuildIndependentTargetsInParallel = 1;
				LastSwiftUpdateCheck = 1620;
				LastUpgradeCheck = 1620;
				TargetAttributes = {
					7AA047EC2E26216B00BAB0DC = {
						CreatedOnToolsVersion = 16.2;
						LastSwiftMigration = 1620;
					};
					7AA047FC2E26216E00BAB0DC = {
						CreatedOnToolsVersion = 16.2;
						TestTargetID = 7AA047EC2E26216B00BAB0DC;
					};
					7AA048062E26216E00BAB0DC = {
						CreatedOnToolsVersion = 16.2;
						TestTargetID = 7AA047EC2E26216B00BAB0DC;
					};
				};
			};
			buildConfigurationList = 7AA047E82E26216B00BAB0DC /* Build configuration list for PBXProject "SongSmashApp" */;
			developmentRegion = en;
			hasScannedForEncodings = 0;
			knownRegions = (
				en,
				Base,
			);
			mainGroup = 7AA047E42E26216B00BAB0DC;
			minimizedProjectReferenceProxies = 1;
			packageReferences = (
			);
			preferredProjectObjectVersion = 77;
			productRefGroup = 7AA047EE2E26216B00BAB0DC /* Products */;
			projectDirPath = "";
			projectRoot = "";
			targets = (
				7AA047EC2E26216B00BAB0DC /* SongSmashApp */,
				7AA047FC2E26216E00BAB0DC /* SongSmashAppTests */,
				7AA048062E26216E00BAB0DC /* SongSmashAppUITests */,
			);
		};
/* End PBXProject section */

/* Begin PBXResourcesBuildPhase section */
		7AA047EB2E26216B00BAB0DC /* Resources */ = {
			isa = PBXResourcesBuildPhase;
			buildActionMask = 2147483647;
			files = (
			);
			runOnlyForDeploymentPostprocessing = 0;
		};
		7AA047FB2E26216E00BAB0DC /* Resources */ = {
			isa = PBXResourcesBuildPhase;
			buildActionMask = 2147483647;
			files = (
			);
			runOnlyForDeploymentPostprocessing = 0;
		};
		7AA048052E26216E00BAB0DC /* Resources */ = {
			isa = PBXResourcesBuildPhase;
			buildActionMask = 2147483647;
			files = (
			);
			runOnlyForDeploymentPostprocessing = 0;
		};
/* End PBXResourcesBuildPhase section */

/* Begin PBXSourcesBuildPhase section */
		7AA047E92E26216B00BAB0DC /* Sources */ = {
			isa = PBXSourcesBuildPhase;
			buildActionMask = 2147483647;
			files = (
			);
			runOnlyForDeploymentPostprocessing = 0;
		};
		7AA047F92E26216E00BAB0DC /* Sources */ = {
			isa = PBXSourcesBuildPhase;
			buildActionMask = 2147483647;
			files = (
			);
			runOnlyForDeploymentPostprocessing = 0;
		};
		7AA048032E26216E00BAB0DC /* Sources */ = {
			isa = PBXSourcesBuildPhase;
			buildActionMask = 2147483647;
			files = (
			);
			runOnlyForDeploymentPostprocessing = 0;
		};
/* End PBXSourcesBuildPhase section */

/* Begin PBXTargetDependency section */
		7AA047FF2E26216E00BAB0DC /* PBXTargetDependency */ = {
			isa = PBXTargetDependency;
			target = 7AA047EC2E26216B00BAB0DC /* SongSmashApp */;
			targetProxy = 7AA047FE2E26216E00BAB0DC /* PBXContainerItemProxy */;
		};
		7AA048092E26216E00BAB0DC /* PBXTargetDependency */ = {
			isa = PBXTargetDependency;
			target = 7AA047EC2E26216B00BAB0DC /* SongSmashApp */;
			targetProxy = 7AA048082E26216E00BAB0DC /* PBXContainerItemProxy */;
		};
/* End PBXTargetDependency section */

/* Begin XCBuildConfiguration section */
		7AA0480F2E26216E00BAB0DC /* Debug */ = {
			isa = XCBuildConfiguration;
			buildSettings = {
				ALWAYS_SEARCH_USER_PATHS = NO;
				ASSETCATALOG_COMPILER_GENERATE_SWIFT_ASSET_SYMBOL_EXTENSIONS = YES;
				CLANG_ANALYZER_NONNULL = YES;
				CLANG_ANALYZER_NUMBER_OBJECT_CONVERSION = YES_AGGRESSIVE;
				CLANG_CXX_LANGUAGE_STANDARD = "gnu++20";
				CLANG_ENABLE_MODULES = YES;
				CLANG_ENABLE_OBJC_ARC = YES;
				CLANG_ENABLE_OBJC_WEAK = YES;
				CLANG_WARN_BLOCK_CAPTURE_AUTORELEASING = YES;
				CLANG_WARN_BOOL_CONVERSION = YES;
				CLANG_WARN_COMMA = YES;
				CLANG_WARN_CONSTANT_CONVERSION = YES;
				CLANG_WARN_DEPRECATED_OBJC_IMPLEMENTATIONS = YES;
				CLANG_WARN_DIRECT_OBJC_ISA_USAGE = YES_ERROR;
				CLANG_WARN_DOCUMENTATION_COMMENTS = YES;
				CLANG_WARN_EMPTY_BODY = YES;
				CLANG_WARN_ENUM_CONVERSION = YES;
				CLANG_WARN_INFINITE_RECURSION = YES;
				CLANG_WARN_INT_CONVERSION = YES;
				CLANG_WARN_NON_LITERAL_NULL_CONVERSION = YES;
				CLANG_WARN_OBJC_IMPLICIT_RETAIN_SELF = YES;
				CLANG_WARN_OBJC_LITERAL_CONVERSION = YES;
				CLANG_WARN_OBJC_ROOT_CLASS = YES_ERROR;
				CLANG_WARN_QUOTED_INCLUDE_IN_FRAMEWORK_HEADER = YES;
				CLANG_WARN_RANGE_LOOP_ANALYSIS = YES;
				CLANG_WARN_STRICT_PROTOTYPES = YES;
				CLANG_WARN_SUSPICIOUS_MOVE = YES;
				CLANG_WARN_UNGUARDED_AVAILABILITY = YES_AGGRESSIVE;
				CLANG_WARN_UNREACHABLE_CODE = YES;
				CLANG_WARN__DUPLICATE_METHOD_MATCH = YES;
				COPY_PHASE_STRIP = NO;
				DEBUG_INFORMATION_FORMAT = dwarf;
				ENABLE_STRICT_OBJC_MSGSEND = YES;
				ENABLE_TESTABILITY = YES;
				ENABLE_USER_SCRIPT_SANDBOXING = YES;
				GCC_C_LANGUAGE_STANDARD = gnu17;
				GCC_DYNAMIC_NO_PIC = NO;
				GCC_NO_COMMON_BLOCKS = YES;
				GCC_OPTIMIZATION_LEVEL = 0;
				GCC_PREPROCESSOR_DEFINITIONS = (
					"DEBUG=1",
					"$(inherited)",
				);
				GCC_WARN_64_TO_32_BIT_CONVERSION = YES;
				GCC_WARN_ABOUT_RETURN_TYPE = YES_ERROR;
				GCC_WARN_UNDECLARED_SELECTOR = YES;
				GCC_WARN_UNINITIALIZED_AUTOS = YES_AGGRESSIVE;
				GCC_WARN_UNUSED_FUNCTION = YES;
				GCC_WARN_UNUSED_VARIABLE = YES;
				IPHONEOS_DEPLOYMENT_TARGET = 17.0;
				LOCALIZATION_PREFERS_STRING_CATALOGS = YES;
				MTL_ENABLE_DEBUG_INFO = INCLUDE_SOURCE;
				MTL_FAST_MATH = YES;
				ONLY_ACTIVE_ARCH = YES;
				SDKROOT = iphoneos;
				SWIFT_ACTIVE_COMPILATION_CONDITIONS = "DEBUG $(inherited)";
				SWIFT_OPTIMIZATION_LEVEL = "-Onone";
			};
			name = Debug;
		};
		7AA048102E26216E00BAB0DC /* Release */ = {
			isa = XCBuildConfiguration;
			buildSettings = {
				ALWAYS_SEARCH_USER_PATHS = NO;
				ASSETCATALOG_COMPILER_GENERATE_SWIFT_ASSET_SYMBOL_EXTENSIONS = YES;
				CLANG_ANALYZER_NONNULL = YES;
				CLANG_ANALYZER_NUMBER_OBJECT_CONVERSION = YES_AGGRESSIVE;
				CLANG_CXX_LANGUAGE_STANDARD = "gnu++20";
				CLANG_ENABLE_MODULES = YES;
				CLANG_ENABLE_OBJC_ARC = YES;
				CLANG_ENABLE_OBJC_WEAK = YES;
				CLANG_WARN_BLOCK_CAPTURE_AUTORELEASING = YES;
				CLANG_WARN_BOOL_CONVERSION = YES;
				CLANG_WARN_COMMA = YES;
				CLANG_WARN_CONSTANT_CONVERSION = YES;
				CLANG_WARN_DEPRECATED_OBJC_IMPLEMENTATIONS = YES;
				CLANG_WARN_DIRECT_OBJC_ISA_USAGE = YES_ERROR;
				CLANG_WARN_DOCUMENTATION_COMMENTS = YES;
				CLANG_WARN_EMPTY_BODY = YES;
				CLANG_WARN_ENUM_CONVERSION = YES;
				CLANG_WARN_INFINITE_RECURSION = YES;
				CLANG_WARN_INT_CONVERSION = YES;
				CLANG_WARN_NON_LITERAL_NULL_CONVERSION = YES;
				CLANG_WARN_OBJC_IMPLICIT_RETAIN_SELF = YES;
				CLANG_WARN_OBJC_LITERAL_CONVERSION = YES;
				CLANG_WARN_OBJC_ROOT_CLASS = YES_ERROR;
				CLANG_WARN_QUOTED_INCLUDE_IN_FRAMEWORK_HEADER = YES;
				CLANG_WARN_RANGE_LOOP_ANALYSIS = YES;
				CLANG_WARN_STRICT_PROTOTYPES = YES;
				CLANG_WARN_SUSPICIOUS_MOVE = YES;
				CLANG_WARN_UNGUARDED_AVAILABILITY = YES_AGGRESSIVE;
				CLANG_WARN_UNREACHABLE_CODE = YES;
				CLANG_WARN__DUPLICATE_METHOD_MATCH = YES;
				COPY_PHASE_STRIP = NO;
				DEBUG_INFORMATION_FORMAT = "dwarf-with-dsym";
				ENABLE_NS_ASSERTIONS = NO;
				ENABLE_STRICT_OBJC_MSGSEND = YES;
				ENABLE_USER_SCRIPT_SANDBOXING = YES;
				GCC_C_LANGUAGE_STANDARD = gnu17;
				GCC_NO_COMMON_BLOCKS = YES;
				GCC_WARN_64_TO_32_BIT_CONVERSION = YES;
				GCC_WARN_ABOUT_RETURN_TYPE = YES_ERROR;
				GCC_WARN_UNDECLARED_SELECTOR = YES;
				GCC_WARN_UNINITIALIZED_AUTOS = YES_AGGRESSIVE;
				GCC_WARN_UNUSED_FUNCTION = YES;
				GCC_WARN_UNUSED_VARIABLE = YES;
				IPHONEOS_DEPLOYMENT_TARGET = 17.0;
				LOCALIZATION_PREFERS_STRING_CATALOGS = YES;
				MTL_ENABLE_DEBUG_INFO = NO;
				MTL_FAST_MATH = YES;
				SDKROOT = iphoneos;
				SWIFT_COMPILATION_MODE = wholemodule;
				VALIDATE_PRODUCT = YES;
			};
			name = Release;
		};
		7AA048122E26216E00BAB0DC /* Debug */ = {
			isa = XCBuildConfiguration;
			buildSettings = {
				ASSETCATALOG_COMPILER_APPICON_NAME = AppIcon;
				ASSETCATALOG_COMPILER_GLOBAL_ACCENT_COLOR_NAME = AccentColor;
				CLANG_ENABLE_MODULES = YES;
				CODE_SIGN_ENTITLEMENTS = SongSmashApp/SongSmashApp.entitlements;
				CODE_SIGN_STYLE = Automatic;
				CURRENT_PROJECT_VERSION = 5;
				DEVELOPMENT_ASSET_PATHS = "\"SongSmashApp/Preview Content\"";
				DEVELOPMENT_TEAM = F7MGX6469C;
				ENABLE_PREVIEWS = YES;
				GENERATE_INFOPLIST_FILE = YES;
				INFOPLIST_FILE = SongSmashApp/Info.plist;
				INFOPLIST_KEY_UIApplicationSceneManifest_Generation = YES;
				INFOPLIST_KEY_UIApplicationSupportsIndirectInputEvents = YES;
				INFOPLIST_KEY_UILaunchScreen_Generation = YES;
				INFOPLIST_KEY_UISupportedInterfaceOrientations_iPad = "UIInterfaceOrientationPortrait UIInterfaceOrientationPortraitUpsideDown";
				INFOPLIST_KEY_UISupportedInterfaceOrientations_iPhone = UIInterfaceOrientationPortrait;
				IPHONEOS_DEPLOYMENT_TARGET = 17.0;
				LD_RUNPATH_SEARCH_PATHS = (
					"$(inherited)",
					"@executable_path/Frameworks",
				);
				MARKETING_VERSION = 1.0;
				PRODUCT_BUNDLE_IDENTIFIER = FlameEnterprise.SongSmashApp;
				PRODUCT_NAME = "$(TARGET_NAME)";
				SWIFT_EMIT_LOC_STRINGS = YES;
				SWIFT_OPTIMIZATION_LEVEL = "-Onone";
				SWIFT_VERSION = 5.0;
				TARGETED_DEVICE_FAMILY = 1;
			};
			name = Debug;
		};
		7AA048132E26216E00BAB0DC /* Release */ = {
			isa = XCBuildConfiguration;
			buildSettings = {
				ASSETCATALOG_COMPILER_APPICON_NAME = AppIcon;
				ASSETCATALOG_COMPILER_GLOBAL_ACCENT_COLOR_NAME = AccentColor;
				CLANG_ENABLE_MODULES = YES;
				CODE_SIGN_ENTITLEMENTS = SongSmashApp/SongSmashApp.entitlements;
				CODE_SIGN_STYLE = Automatic;
				CURRENT_PROJECT_VERSION = 5;
				DEVELOPMENT_ASSET_PATHS = "\"SongSmashApp/Preview Content\"";
				DEVELOPMENT_TEAM = F7MGX6469C;
				ENABLE_PREVIEWS = YES;
				GENERATE_INFOPLIST_FILE = YES;
				INFOPLIST_FILE = SongSmashApp/Info.plist;
				INFOPLIST_KEY_UIApplicationSceneManifest_Generation = YES;
				INFOPLIST_KEY_UIApplicationSupportsIndirectInputEvents = YES;
				INFOPLIST_KEY_UILaunchScreen_Generation = YES;
				INFOPLIST_KEY_UISupportedInterfaceOrientations_iPad = "UIInterfaceOrientationPortrait UIInterfaceOrientationPortraitUpsideDown";
				INFOPLIST_KEY_UISupportedInterfaceOrientations_iPhone = UIInterfaceOrientationPortrait;
				IPHONEOS_DEPLOYMENT_TARGET = 17.0;
				LD_RUNPATH_SEARCH_PATHS = (
					"$(inherited)",
					"@executable_path/Frameworks",
				);
				MARKETING_VERSION = 1.0;
				PRODUCT_BUNDLE_IDENTIFIER = FlameEnterprise.SongSmashApp;
				PRODUCT_NAME = "$(TARGET_NAME)";
				SWIFT_EMIT_LOC_STRINGS = YES;
				SWIFT_VERSION = 5.0;
				TARGETED_DEVICE_FAMILY = 1;
			};
			name = Release;
		};
		7AA048152E26216E00BAB0DC /* Debug */ = {
			isa = XCBuildConfiguration;
			buildSettings = {
				BUNDLE_LOADER = "$(TEST_HOST)";
				CODE_SIGN_STYLE = Automatic;
				CURRENT_PROJECT_VERSION = 5;
				DEVELOPMENT_TEAM = F7MGX6469C;
				GENERATE_INFOPLIST_FILE = YES;
				IPHONEOS_DEPLOYMENT_TARGET = 17.0;
				MARKETING_VERSION = 1.0;
				PRODUCT_BUNDLE_IDENTIFIER = FlameEnterprise.SongSmashAppTests;
				PRODUCT_NAME = "$(TARGET_NAME)";
				SWIFT_EMIT_LOC_STRINGS = NO;
				SWIFT_VERSION = 5.0;
				TARGETED_DEVICE_FAMILY = 1;
				TEST_HOST = "$(BUILT_PRODUCTS_DIR)/SongSmashApp.app/$(BUNDLE_EXECUTABLE_FOLDER_PATH)/SongSmashApp";
			};
			name = Debug;
		};
		7AA048162E26216E00BAB0DC /* Release */ = {
			isa = XCBuildConfiguration;
			buildSettings = {
				BUNDLE_LOADER = "$(TEST_HOST)";
				CODE_SIGN_STYLE = Automatic;
				CURRENT_PROJECT_VERSION = 5;
				DEVELOPMENT_TEAM = F7MGX6469C;
				GENERATE_INFOPLIST_FILE = YES;
				IPHONEOS_DEPLOYMENT_TARGET = 17.0;
				MARKETING_VERSION = 1.0;
				PRODUCT_BUNDLE_IDENTIFIER = FlameEnterprise.SongSmashAppTests;
				PRODUCT_NAME = "$(TARGET_NAME)";
				SWIFT_EMIT_LOC_STRINGS = NO;
				SWIFT_VERSION = 5.0;
				TARGETED_DEVICE_FAMILY = 1;
				TEST_HOST = "$(BUILT_PRODUCTS_DIR)/SongSmashApp.app/$(BUNDLE_EXECUTABLE_FOLDER_PATH)/SongSmashApp";
			};
			name = Release;
		};
		7AA048182E26216E00BAB0DC /* Debug */ = {
			isa = XCBuildConfiguration;
			buildSettings = {
				CODE_SIGN_STYLE = Automatic;
				CURRENT_PROJECT_VERSION = 5;
				DEVELOPMENT_TEAM = F7MGX6469C;
				GENERATE_INFOPLIST_FILE = YES;
				MARKETING_VERSION = 1.0;
				PRODUCT_BUNDLE_IDENTIFIER = FlameEnterprise.SongSmashAppUITests;
				PRODUCT_NAME = "$(TARGET_NAME)";
				SWIFT_EMIT_LOC_STRINGS = NO;
				SWIFT_VERSION = 5.0;
				TARGETED_DEVICE_FAMILY = 1;
				TEST_TARGET_NAME = SongSmashApp;
			};
			name = Debug;
		};
		7AA048192E26216E00BAB0DC /* Release */ = {
			isa = XCBuildConfiguration;
			buildSettings = {
				CODE_SIGN_STYLE = Automatic;
				CURRENT_PROJECT_VERSION = 5;
				DEVELOPMENT_TEAM = F7MGX6469C;
				GENERATE_INFOPLIST_FILE = YES;
				MARKETING_VERSION = 1.0;
				PRODUCT_BUNDLE_IDENTIFIER = FlameEnterprise.SongSmashAppUITests;
				PRODUCT_NAME = "$(TARGET_NAME)";
				SWIFT_EMIT_LOC_STRINGS = NO;
				SWIFT_VERSION = 5.0;
				TARGETED_DEVICE_FAMILY = 1;
				TEST_TARGET_NAME = SongSmashApp;
			};
			name = Release;
		};
/* End XCBuildConfiguration section */

/* Begin XCConfigurationList section */
		7AA047E82E26216B00BAB0DC /* Build configuration list for PBXProject "SongSmashApp" */ = {
			isa = XCConfigurationList;
			buildConfigurations = (
				7AA0480F2E26216E00BAB0DC /* Debug */,
				7AA048102E26216E00BAB0DC /* Release */,
			);
			defaultConfigurationIsVisible = 0;
			defaultConfigurationName = Release;
		};
		7AA048112E26216E00BAB0DC /* Build configuration list for PBXNativeTarget "SongSmashApp" */ = {
			isa = XCConfigurationList;
			buildConfigurations = (
				7AA048122E26216E00BAB0DC /* Debug */,
				7AA048132E26216E00BAB0DC /* Release */,
			);
			defaultConfigurationIsVisible = 0;
			defaultConfigurationName = Release;
		};
		7AA048142E26216E00BAB0DC /* Build configuration list for PBXNativeTarget "SongSmashAppTests" */ = {
			isa = XCConfigurationList;
			buildConfigurations = (
				7AA048152E26216E00BAB0DC /* Debug */,
				7AA048162E26216E00BAB0DC /* Release */,
			);
			defaultConfigurationIsVisible = 0;
			defaultConfigurationName = Release;
		};
		7AA048172E26216E00BAB0DC /* Build configuration list for PBXNativeTarget "SongSmashAppUITests" */ = {
			isa = XCConfigurationList;
			buildConfigurations = (
				7AA048182E26216E00BAB0DC /* Debug */,
				7AA048192E26216E00BAB0DC /* Release */,
			);
			defaultConfigurationIsVisible = 0;
			defaultConfigurationName = Release;
		};
/* End XCConfigurationList section */

/* Begin XCRemoteSwiftPackageReference section */
/* End XCRemoteSwiftPackageReference section */

/* Begin XCSwiftPackageProductDependency section */
/* End XCSwiftPackageProductDependency section */
	};
	rootObject = 7AA047E52E26216B00BAB0DC /* Project object */;
}
